// !$*UTF8*$!
{
	archiveVersion = 1;
	classes = {
	};
	objectVersion = 56;
	objects = {

/* Begin PBXBuildFile section */
		F2737FAC2CEC2CC700C02529 /* ScavengerHuntApp.swift in Sources */ = {isa = PBXBuildFile; fileRef = F2737FAB2CEC2CC700C02529 /* ScavengerHuntApp.swift */; };
		F2737FAE2CEC2CC700C02529 /* ContentView.swift in Sources */ = {isa = PBXBuildFile; fileRef = F2737FAD2CEC2CC700C02529 /* ContentView.swift */; };
		F2737FB02CEC2CC900C02529 /* Assets.xcassets in Resources */ = {isa = PBXBuildFile; fileRef = F2737FAF2CEC2CC900C02529 /* Assets.xcassets */; };
		F2737FB32CEC2CC900C02529 /* Preview Assets.xcassets in Resources */ = {isa = PBXBuildFile; fileRef = F2737FB22CEC2CC900C02529 /* Preview Assets.xcassets */; };
		F2737FBA2CEC2DBE00C02529 /* Task Data Model.swift in Sources */ = {isa = PBXBuildFile; fileRef = F2737FB92CEC2DBE00C02529 /* Task Data Model.swift */; };
		F2737FBC2CEC2E0200C02529 /* Task List View.swift in Sources */ = {isa = PBXBuildFile; fileRef = F2737FBB2CEC2E0100C02529 /* Task List View.swift */; };
		F2737FBE2CEC315700C02529 /* Task Detail View.swift in Sources */ = {isa = PBXBuildFile; fileRef = F2737FBD2CEC315700C02529 /* Task Detail View.swift */; };
		F2737FC02CEC318000C02529 /* Photo Picker.swift in Sources */ = {isa = PBXBuildFile; fileRef = F2737FBF2CEC318000C02529 /* Photo Picker.swift */; };
		F2737FC22CF23C6C00C02529 /* IdentifiableCoordinate.swift in Sources */ = {isa = PBXBuildFile; fileRef = F2737FC12CF23C6C00C02529 /* IdentifiableCoordinate.swift */; };
/* End PBXBuildFile section */

/* Begin PBXFileReference section */
		F2737FA82CEC2CC700C02529 /* ScavengerHunt.app */ = {isa = PBXFileReference; explicitFileType = wrapper.application; includeInIndex = 0; path = ScavengerHunt.app; sourceTree = BUILT_PRODUCTS_DIR; };
		F2737FAB2CEC2CC700C02529 /* ScavengerHuntApp.swift */ = {isa = PBXFileReference; lastKnownFileType = sourcecode.swift; path = ScavengerHuntApp.swift; sourceTree = "<group>"; };
		F2737FAD2CEC2CC700C02529 /* ContentView.swift */ = {isa = PBXFileReference; lastKnownFileType = sourcecode.swift; path = ContentView.swift; sourceTree = "<group>"; };
		F2737FAF2CEC2CC900C02529 /* Assets.xcassets */ = {isa = PBXFileReference; lastKnownFileType = folder.assetcatalog; path = Assets.xcassets; sourceTree = "<group>"; };
		F2737FB22CEC2CC900C02529 /* Preview Assets.xcassets */ = {isa = PBXFileReference; lastKnownFileType = folder.assetcatalog; path = "Preview Assets.xcassets"; sourceTree = "<group>"; };
		F2737FB92CEC2DBE00C02529 /* Task Data Model.swift */ = {isa = PBXFileReference; lastKnownFileType = sourcecode.swift; path = "Task Data Model.swift"; sourceTree = "<group>"; };
		F2737FBB2CEC2E0100C02529 /* Task List View.swift */ = {isa = PBXFileReference; lastKnownFileType = sourcecode.swift; path = "Task List View.swift"; sourceTree = "<group>"; };
		F2737FBD2CEC315700C02529 /* Task Detail View.swift */ = {isa = PBXFileReference; lastKnownFileType = sourcecode.swift; path = "Task Detail View.swift"; sourceTree = "<group>"; };
		F2737FBF2CEC318000C02529 /* Photo Picker.swift */ = {isa = PBXFileReference; lastKnownFileType = sourcecode.swift; path = "Photo Picker.swift"; sourceTree = "<group>"; };
		F2737FC12CF23C6C00C02529 /* IdentifiableCoordinate.swift */ = {isa = PBXFileReference; lastKnownFileType = sourcecode.swift; path = IdentifiableCoordinate.swift; sourceTree = "<group>"; };
/* End PBXFileReference section */

/* Begin PBXFrameworksBuildPhase section */
		F2737FA52CEC2CC700C02529 /* Frameworks */ = {
			isa = PBXFrameworksBuildPhase;
			buildActionMask = 2147483647;
			files = (
			);
			runOnlyForDeploymentPostprocessing = 0;
		};
/* End PBXFrameworksBuildPhase section */

/* Begin PBXGroup section */
		F2737F9F2CEC2CC700C02529 = {
			isa = PBXGroup;
			children = (
				F2737FAA2CEC2CC700C02529 /* ScavengerHunt */,
				F2737FA92CEC2CC700C02529 /* Products */,
			);
			sourceTree = "<group>";
		};
		F2737FA92CEC2CC700C02529 /* Products */ = {
			isa = PBXGroup;
			children = (
				F2737FA82CEC2CC700C02529 /* ScavengerHunt.app */,
			);
			name = Products;
			sourceTree = "<group>";
		};
		F2737FAA2CEC2CC700C02529 /* ScavengerHunt */ = {
			isa = PBXGroup;
			children = (
				F2737FAB2CEC2CC700C02529 /* ScavengerHuntApp.swift */,
				F2737FAD2CEC2CC700C02529 /* ContentView.swift */,
				F2737FC12CF23C6C00C02529 /* IdentifiableCoordinate.swift */,
				F2737FB92CEC2DBE00C02529 /* Task Data Model.swift */,
				F2737FBD2CEC315700C02529 /* Task Detail View.swift */,
				F2737FBB2CEC2E0100C02529 /* Task List View.swift */,
				F2737FBF2CEC318000C02529 /* Photo Picker.swift */,
				F2737FAF2CEC2CC900C02529 /* Assets.xcassets */,
				F2737FB12CEC2CC900C02529 /* Preview Content */,
			);
			path = ScavengerHunt;
			sourceTree = "<group>";
		};
		F2737FB12CEC2CC900C02529 /* Preview Content */ = {
			isa = PBXGroup;
			children = (
				F2737FB22CEC2CC900C02529 /* Preview Assets.xcassets */,
			);
			path = "Preview Content";
			sourceTree = "<group>";
		};
/* End PBXGroup section */

/* Begin PBXNativeTarget section */
		F2737FA72CEC2CC700C02529 /* ScavengerHunt */ = {
			isa = PBXNativeTarget;
			buildConfigurationList = F2737FB62CEC2CC900C02529 /* Build configuration list for PBXNativeTarget "ScavengerHunt" */;
			buildPhases = (
				F2737FA42CEC2CC700C02529 /* Sources */,
				F2737FA52CEC2CC700C02529 /* Frameworks */,
				F2737FA62CEC2CC700C02529 /* Resources */,
			);
			buildRules = (
			);
			dependencies = (
			);
			name = ScavengerHunt;
			productName = ScavengerHunt;
			productReference = F2737FA82CEC2CC700C02529 /* ScavengerHunt.app */;
			productType = "com.apple.product-type.application";
		};
/* End PBXNativeTarget section */

/* Begin PBXProject section */
		F2737FA02CEC2CC700C02529 /* Project object */ = {
			isa = PBXProject;
			attributes = {
				BuildIndependentTargetsInParallel = 1;
				LastSwiftUpdateCheck = 1540;
				LastUpgradeCheck = 1540;
				TargetAttributes = {
					F2737FA72CEC2CC700C02529 = {
						CreatedOnToolsVersion = 15.4;
					};
				};
			};
			buildConfigurationList = F2737FA32CEC2CC700C02529 /* Build configuration list for PBXProject "ScavengerHunt" */;
			compatibilityVersion = "Xcode 14.0";
			developmentRegion = en;
			hasScannedForEncodings = 0;
			knownRegions = (
				en,
				Base,
			);
			mainGroup = F2737F9F2CEC2CC700C02529;
			productRefGroup = F2737FA92CEC2CC700C02529 /* Products */;
			projectDirPath = "";
			projectRoot = "";
			targets = (
				F2737FA72CEC2CC700C02529 /* ScavengerHunt */,
			);
		};
/* End PBXProject section */

/* Begin PBXResourcesBuildPhase section */
		F2737FA62CEC2CC700C02529 /* Resources */ = {
			isa = PBXResourcesBuildPhase;
			buildActionMask = 2147483647;
			files = (
				F2737FB32CEC2CC900C02529 /* Preview Assets.xcassets in Resources */,
				F2737FB02CEC2CC900C02529 /* Assets.xcassets in Resources */,
			);
			runOnlyForDeploymentPostprocessing = 0;
		};
/* End PBXResourcesBuildPhase section */

/* Begin PBXSourcesBuildPhase section */
		F2737FA42CEC2CC700C02529 /* Sources */ = {
			isa = PBXSourcesBuildPhase;
			buildActionMask = 2147483647;
			files = (
				F2737FC22CF23C6C00C02529 /* IdentifiableCoordinate.swift in Sources */,
				F2737FBE2CEC315700C02529 /* Task Detail View.swift in Sources */,
				F2737FAE2CEC2CC700C02529 /* ContentView.swift in Sources */,
				F2737FBC2CEC2E0200C02529 /* Task List View.swift in Sources */,
				F2737FC02CEC318000C02529 /* Photo Picker.swift in Sources */,
				F2737FBA2CEC2DBE00C02529 /* Task Data Model.swift in Sources */,
				F2737FAC2CEC2CC700C02529 /* ScavengerHuntApp.swift in Sources */,
			);
			runOnlyForDeploymentPostprocessing = 0;
		};
/* End PBXSourcesBuildPhase section */

/* Begin XCBuildConfiguration section */
		F2737FB42CEC2CC900C02529 /* Debug */ = {
			isa = XCBuildConfiguration;
			buildSettings = {
				ALWAYS_SEARCH_USER_PATHS = NO;
				ASSETCATALOG_COMPILER_GENERATE_SWIFT_ASSET_SYMBOL_EXTENSIONS = YES;
				CLANG_ANALYZER_NONNULL = YES;
				CLANG_ANALYZER_NUMBER_OBJECT_CONVERSION = YES_AGGRESSIVE;
				CLANG_CXX_LANGUAGE_STANDARD = "gnu++20";
				CLANG_ENABLE_MODULES = YES;
				CLANG_ENABLE_OBJC_ARC = YES;
				CLANG_ENABLE_OBJC_WEAK = YES;
				CLANG_WARN_BLOCK_CAPTURE_AUTORELEASING = YES;
				CLANG_WARN_BOOL_CONVERSION = YES;
				CLANG_WARN_COMMA = YES;
				CLANG_WARN_CONSTANT_CONVERSION = YES;
				CLANG_WARN_DEPRECATED_OBJC_IMPLEMENTATIONS = YES;
				CLANG_WARN_DIRECT_OBJC_ISA_USAGE = YES_ERROR;
				CLANG_WARN_DOCUMENTATION_COMMENTS = YES;
				CLANG_WARN_EMPTY_BODY = YES;
				CLANG_WARN_ENUM_CONVERSION = YES;
				CLANG_WARN_INFINITE_RECURSION = YES;
				CLANG_WARN_INT_CONVERSION = YES;
				CLANG_WARN_NON_LITERAL_NULL_CONVERSION = YES;
				CLANG_WARN_OBJC_IMPLICIT_RETAIN_SELF = YES;
				CLANG_WARN_OBJC_LITERAL_CONVERSION = YES;
				CLANG_WARN_OBJC_ROOT_CLASS = YES_ERROR;
				CLANG_WARN_QUOTED_INCLUDE_IN_FRAMEWORK_HEADER = YES;
				CLANG_WARN_RANGE_LOOP_ANALYSIS = YES;
				CLANG_WARN_STRICT_PROTOTYPES = YES;
				CLANG_WARN_SUSPICIOUS_MOVE = YES;
				CLANG_WARN_UNGUARDED_AVAILABILITY = YES_AGGRESSIVE;
				CLANG_WARN_UNREACHABLE_CODE = YES;
				CLANG_WARN__DUPLICATE_METHOD_MATCH = YES;
				COPY_PHASE_STRIP = NO;
				DEBUG_INFORMATION_FORMAT = dwarf;
				ENABLE_STRICT_OBJC_MSGSEND = YES;
				ENABLE_TESTABILITY = YES;
				ENABLE_USER_SCRIPT_SANDBOXING = YES;
				GCC_C_LANGUAGE_STANDARD = gnu17;
				GCC_DYNAMIC_NO_PIC = NO;
				GCC_NO_COMMON_BLOCKS = YES;
				GCC_OPTIMIZATION_LEVEL = 0;
				GCC_PREPROCESSOR_DEFINITIONS = (
					"DEBUG=1",
					"$(inherited)",
				);
				GCC_WARN_64_TO_32_BIT_CONVERSION = YES;
				GCC_WARN_ABOUT_RETURN_TYPE = YES_ERROR;
				GCC_WARN_UNDECLARED_SELECTOR = YES;
				GCC_WARN_UNINITIALIZED_AUTOS = YES_AGGRESSIVE;
				GCC_WARN_UNUSED_FUNCTION = YES;
				GCC_WARN_UNUSED_VARIABLE = YES;
				IPHONEOS_DEPLOYMENT_TARGET = 17.5;
				LOCALIZATION_PREFERS_STRING_CATALOGS = YES;
				MTL_ENABLE_DEBUG_INFO = INCLUDE_SOURCE;
				MTL_FAST_MATH = YES;
				ONLY_ACTIVE_ARCH = YES;
				SDKROOT = iphoneos;
				SWIFT_ACTIVE_COMPILATION_CONDITIONS = "DEBUG $(inherited)";
				SWIFT_OPTIMIZATION_LEVEL = "-Onone";
			};
			name = Debug;
		};
		F2737FB52CEC2CC900C02529 /* Release */ = {
			isa = XCBuildConfiguration;
			buildSettings = {
				ALWAYS_SEARCH_USER_PATHS = NO;
				ASSETCATALOG_COMPILER_GENERATE_SWIFT_ASSET_SYMBOL_EXTENSIONS = YES;
				CLANG_ANALYZER_NONNULL = YES;
				CLANG_ANALYZER_NUMBER_OBJECT_CONVERSION = YES_AGGRESSIVE;
				CLANG_CXX_LANGUAGE_STANDARD = "gnu++20";
				CLANG_ENABLE_MODULES = YES;
				CLANG_ENABLE_OBJC_ARC = YES;
				CLANG_ENABLE_OBJC_WEAK = YES;
				CLANG_WARN_BLOCK_CAPTURE_AUTORELEASING = YES;
				CLANG_WARN_BOOL_CONVERSION = YES;
				CLANG_WARN_COMMA = YES;
				CLANG_WARN_CONSTANT_CONVERSION = YES;
				CLANG_WARN_DEPRECATED_OBJC_IMPLEMENTATIONS = YES;
				CLANG_WARN_DIRECT_OBJC_ISA_USAGE = YES_ERROR;
				CLANG_WARN_DOCUMENTATION_COMMENTS = YES;
				CLANG_WARN_EMPTY_BODY = YES;
				CLANG_WARN_ENUM_CONVERSION = YES;
				CLANG_WARN_INFINITE_RECURSION = YES;
				CLANG_WARN_INT_CONVERSION = YES;
				CLANG_WARN_NON_LITERAL_NULL_CONVERSION = YES;
				CLANG_WARN_OBJC_IMPLICIT_RETAIN_SELF = YES;
				CLANG_WARN_OBJC_LITERAL_CONVERSION = YES;
				CLANG_WARN_OBJC_ROOT_CLASS = YES_ERROR;
				CLANG_WARN_QUOTED_INCLUDE_IN_FRAMEWORK_HEADER = YES;
				CLANG_WARN_RANGE_LOOP_ANALYSIS = YES;
				CLANG_WARN_STRICT_PROTOTYPES = YES;
				CLANG_WARN_SUSPICIOUS_MOVE = YES;
				CLANG_WARN_UNGUARDED_AVAILABILITY = YES_AGGRESSIVE;
				CLANG_WARN_UNREACHABLE_CODE = YES;
				CLANG_WARN__DUPLICATE_METHOD_MATCH = YES;
				COPY_PHASE_STRIP = NO;
				DEBUG_INFORMATION_FORMAT = "dwarf-with-dsym";
				ENABLE_NS_ASSERTIONS = NO;
				ENABLE_STRICT_OBJC_MSGSEND = YES;
				ENABLE_USER_SCRIPT_SANDBOXING = YES;
				GCC_C_LANGUAGE_STANDARD = gnu17;
				GCC_NO_COMMON_BLOCKS = YES;
				GCC_WARN_64_TO_32_BIT_CONVERSION = YES;
				GCC_WARN_ABOUT_RETURN_TYPE = YES_ERROR;
				GCC_WARN_UNDECLARED_SELECTOR = YES;
				GCC_WARN_UNINITIALIZED_AUTOS = YES_AGGRESSIVE;
				GCC_WARN_UNUSED_FUNCTION = YES;
				GCC_WARN_UNUSED_VARIABLE = YES;
				IPHONEOS_DEPLOYMENT_TARGET = 17.5;
				LOCALIZATION_PREFERS_STRING_CATALOGS = YES;
				MTL_ENABLE_DEBUG_INFO = NO;
				MTL_FAST_MATH = YES;
				SDKROOT = iphoneos;
				SWIFT_COMPILATION_MODE = wholemodule;
				VALIDATE_PRODUCT = YES;
			};
			name = Release;
		};
		F2737FB72CEC2CC900C02529 /* Debug */ = {
			isa = XCBuildConfiguration;
			buildSettings = {
				ASSETCATALOG_COMPILER_APPICON_NAME = AppIcon;
				ASSETCATALOG_COMPILER_GLOBAL_ACCENT_COLOR_NAME = AccentColor;
				CODE_SIGN_STYLE = Automatic;
				CURRENT_PROJECT_VERSION = 1;
				DEVELOPMENT_ASSET_PATHS = "\"ScavengerHunt/Preview Content\"";
				ENABLE_PREVIEWS = YES;
				GENERATE_INFOPLIST_FILE = YES;
				INFOPLIST_KEY_NSLocationWhenInUseUsageDescription = "Photo location request ";
				INFOPLIST_KEY_NSPhotoLibraryUsageDescription = "Photo access request";
				INFOPLIST_KEY_UIApplicationSceneManifest_Generation = YES;
				INFOPLIST_KEY_UIApplicationSupportsIndirectInputEvents = YES;
				INFOPLIST_KEY_UILaunchScreen_Generation = YES;
				INFOPLIST_KEY_UISupportedInterfaceOrientations_iPad = "UIInterfaceOrientationPortrait UIInterfaceOrientationPortraitUpsideDown UIInterfaceOrientationLandscapeLeft UIInterfaceOrientationLandscapeRight";
				INFOPLIST_KEY_UISupportedInterfaceOrientations_iPhone = "UIInterfaceOrientationPortrait UIInterfaceOrientationLandscapeLeft UIInterfaceOrientationLandscapeRight";
				LD_RUNPATH_SEARCH_PATHS = (
					"$(inherited)",
					"@executable_path/Frameworks",
				);
				MARKETING_VERSION = 1.0;
				PRODUCT_BUNDLE_IDENTIFIER = ios.zp.fiu.edu.ScavengerHunt;
				PRODUCT_NAME = "$(TARGET_NAME)";
				SWIFT_EMIT_LOC_STRINGS = YES;
				SWIFT_VERSION = 5.0;
				TARGETED_DEVICE_FAMILY = "1,2";
			};
			name = Debug;
		};
		F2737FB82CEC2CC900C02529 /* Release */ = {
			isa = XCBuildConfiguration;
			buildSettings = {
				ASSETCATALOG_COMPILER_APPICON_NAME = AppIcon;
				ASSETCATALOG_COMPILER_GLOBAL_ACCENT_COLOR_NAME = AccentColor;
				CODE_SIGN_STYLE = Automatic;
				CURRENT_PROJECT_VERSION = 1;
				DEVELOPMENT_ASSET_PATHS = "\"ScavengerHunt/Preview Content\"";
				ENABLE_PREVIEWS = YES;
				GENERATE_INFOPLIST_FILE = YES;
				INFOPLIST_KEY_NSLocationWhenInUseUsageDescription = "Photo location request ";
				INFOPLIST_KEY_NSPhotoLibraryUsageDescription = "Photo access request";
				INFOPLIST_KEY_UIApplicationSceneManifest_Generation = YES;
				INFOPLIST_KEY_UIApplicationSupportsIndirectInputEvents = YES;
				INFOPLIST_KEY_UILaunchScreen_Generation = YES;
				INFOPLIST_KEY_UISupportedInterfaceOrientations_iPad = "UIInterfaceOrientationPortrait UIInterfaceOrientationPortraitUpsideDown UIInterfaceOrientationLandscapeLeft UIInterfaceOrientationLandscapeRight";
				INFOPLIST_KEY_UISupportedInterfaceOrientations_iPhone = "UIInterfaceOrientationPortrait UIInterfaceOrientationLandscapeLeft UIInterfaceOrientationLandscapeRight";
				LD_RUNPATH_SEARCH_PATHS = (
					"$(inherited)",
					"@executable_path/Frameworks",
				);
				MARKETING_VERSION = 1.0;
				PRODUCT_BUNDLE_IDENTIFIER = ios.zp.fiu.edu.ScavengerHunt;
				PRODUCT_NAME = "$(TARGET_NAME)";
				SWIFT_EMIT_LOC_STRINGS = YES;
				SWIFT_VERSION = 5.0;
				TARGETED_DEVICE_FAMILY = "1,2";
			};
			name = Release;
		};
/* End XCBuildConfiguration section */

/* Begin XCConfigurationList section */
		F2737FA32CEC2CC700C02529 /* Build configuration list for PBXProject "ScavengerHunt" */ = {
			isa = XCConfigurationList;
			buildConfigurations = (
				F2737FB42CEC2CC900C02529 /* Debug */,
				F2737FB52CEC2CC900C02529 /* Release */,
			);
			defaultConfigurationIsVisible = 0;
			defaultConfigurationName = Release;
		};
		F2737FB62CEC2CC900C02529 /* Build configuration list for PBXNativeTarget "ScavengerHunt" */ = {
			isa = XCConfigurationList;
			buildConfigurations = (
				F2737FB72CEC2CC900C02529 /* Debug */,
				F2737FB82CEC2CC900C02529 /* Release */,
			);
			defaultConfigurationIsVisible = 0;
			defaultConfigurationName = Release;
		};
/* End XCConfigurationList section */
	};
	rootObject = F2737FA02CEC2CC700C02529 /* Project object */;
}
